
Microsoft Visual Studio Solution File, Format Version 12.00
# Visual Studio 15
VisualStudioVersion = 15.0.28307.645
MinimumVisualStudioVersion = 10.0.40219.1
Project("{FAE04EC0-301F-11D3-BF4B-00C04F79EFBC}") = "Library", "Library\Library.csproj", "{C0685B41-5934-4C5F-AED7-A08AFC0E4FEB}"
EndProject
Project("{FAE04EC0-301F-11D3-BF4B-00C04F79EFBC}") = "Library.Data", "Library.Data\Library.Data.csproj", "{7149C98F-8DA6-41E3-9AB9-A3AF2E923163}"
EndProject
Global
	GlobalSection(SolutionConfigurationPlatforms) = preSolution
		Debug|Any CPU = Debug|Any CPU
		Release|Any CPU = Release|Any CPU
	EndGlobalSection
	GlobalSection(ProjectConfigurationPlatforms) = postSolution
		{C0685B41-5934-4C5F-AED7-A08AFC0E4FEB}.Debug|Any CPU.ActiveCfg = Debug|Any CPU
		{C0685B41-5934-4C5F-AED7-A08AFC0E4FEB}.Debug|Any CPU.Build.0 = Debug|Any CPU
		{C0685B41-5934-4C5F-AED7-A08AFC0E4FEB}.Release|Any CPU.ActiveCfg = Release|Any CPU
		{C0685B41-5934-4C5F-AED7-A08AFC0E4FEB}.Release|Any CPU.Build.0 = Release|Any CPU
		{7149C98F-8DA6-41E3-9AB9-A3AF2E923163}.Debug|Any CPU.ActiveCfg = Debug|Any CPU
		{7149C98F-8DA6-41E3-9AB9-A3AF2E923163}.Debug|Any CPU.Build.0 = Debug|Any CPU
		{7149C98F-8DA6-41E3-9AB9-A3AF2E923163}.Release|Any CPU.ActiveCfg = Release|Any CPU
		{7149C98F-8DA6-41E3-9AB9-A3AF2E923163}.Release|Any CPU.Build.0 = Release|Any CPU
	EndGlobalSection
	GlobalSection(SolutionProperties) = preSolution
		HideSolutionNode = FALSE
	EndGlobalSection
	GlobalSection(ExtensibilityGlobals) = postSolution
		SolutionGuid = {D92EBA90-193C-4028-8CB1-2F2F3F58B3F5}
	EndGlobalSection
EndGlobal
